
Microsoft Visual Studio Solution File, Format Version 12.00
# Visual Studio Version 16
VisualStudioVersion = 16.0.29306.81
MinimumVisualStudioVersion = 10.0.40219.1
Project("{9A19103F-16F7-4668-BE54-9A1E7A4F7556}") = "Aksheshkumar_C_C229", "Aksheshkumar_C_C229\Aksheshkumar_C_C229.csproj", "{51BBE639-BACF-4492-ACE7-C43D23E8E54E}"
EndProject
Global
	GlobalSection(SolutionConfigurationPlatforms) = preSolution
		Debug|Any CPU = Debug|Any CPU
		Release|Any CPU = Release|Any CPU
	EndGlobalSection
	GlobalSection(ProjectConfigurationPlatforms) = postSolution
		{51BBE639-BACF-4492-ACE7-C43D23E8E54E}.Debug|Any CPU.ActiveCfg = Debug|Any CPU
		{51BBE639-BACF-4492-ACE7-C43D23E8E54E}.Debug|Any CPU.Build.0 = Debug|Any CPU
		{51BBE639-BACF-4492-ACE7-C43D23E8E54E}.Release|Any CPU.ActiveCfg = Release|Any CPU
		{51BBE639-BACF-4492-ACE7-C43D23E8E54E}.Release|Any CPU.Build.0 = Release|Any CPU
	EndGlobalSection
	GlobalSection(SolutionProperties) = preSolution
		HideSolutionNode = FALSE
	EndGlobalSection
	GlobalSection(ExtensibilityGlobals) = postSolution
		SolutionGuid = {7E1193DB-B461-4CF5-9C27-23D4CBFF0595}
	EndGlobalSection
EndGlobal
